
Microsoft Visual Studio Solution File, Format Version 12.00
# Visual Studio 2015
Project("{FAE04EC0-301F-11D3-BF4B-00C04F79EFBC}") = "Cels.CSharp.Plugins", "Cels.CSharp.Plugins.csproj", "{ACD3502D-C1AB-6763-CA66-ADE5D8497AD1}"
EndProject
Project("{FAE04EC0-301F-11D3-BF4B-00C04F79EFBC}") = "Cels.CSharp", "Cels.CSharp.csproj", "{507D289A-22FC-EA5E-6FE2-648EA1B07214}"
EndProject
Project("{FAE04EC0-301F-11D3-BF4B-00C04F79EFBC}") = "Cels.CSharp.Editor", "Cels.CSharp.Editor.csproj", "{EFF70384-E74D-C9A3-E48A-E2F0FB3A77B8}"
EndProject
Global
	GlobalSection(SolutionConfigurationPlatforms) = preSolution
		Debug|Any CPU = Debug|Any CPU
		Release|Any CPU = Release|Any CPU
	EndGlobalSection
	GlobalSection(ProjectConfigurationPlatforms) = postSolution
		{ACD3502D-C1AB-6763-CA66-ADE5D8497AD1}.Debug|Any CPU.ActiveCfg = Debug|Any CPU
		{ACD3502D-C1AB-6763-CA66-ADE5D8497AD1}.Debug|Any CPU.Build.0 = Debug|Any CPU
		{ACD3502D-C1AB-6763-CA66-ADE5D8497AD1}.Release|Any CPU.ActiveCfg = Release|Any CPU
		{ACD3502D-C1AB-6763-CA66-ADE5D8497AD1}.Release|Any CPU.Build.0 = Release|Any CPU
		{507D289A-22FC-EA5E-6FE2-648EA1B07214}.Debug|Any CPU.ActiveCfg = Debug|Any CPU
		{507D289A-22FC-EA5E-6FE2-648EA1B07214}.Debug|Any CPU.Build.0 = Debug|Any CPU
		{507D289A-22FC-EA5E-6FE2-648EA1B07214}.Release|Any CPU.ActiveCfg = Release|Any CPU
		{507D289A-22FC-EA5E-6FE2-648EA1B07214}.Release|Any CPU.Build.0 = Release|Any CPU
		{EFF70384-E74D-C9A3-E48A-E2F0FB3A77B8}.Debug|Any CPU.ActiveCfg = Debug|Any CPU
		{EFF70384-E74D-C9A3-E48A-E2F0FB3A77B8}.Debug|Any CPU.Build.0 = Debug|Any CPU
		{EFF70384-E74D-C9A3-E48A-E2F0FB3A77B8}.Release|Any CPU.ActiveCfg = Release|Any CPU
		{EFF70384-E74D-C9A3-E48A-E2F0FB3A77B8}.Release|Any CPU.Build.0 = Release|Any CPU
	EndGlobalSection
	GlobalSection(SolutionProperties) = preSolution
		HideSolutionNode = FALSE
	EndGlobalSection
EndGlobal
